
Microsoft Visual Studio Solution File, Format Version 12.00
# Visual Studio Version 16
VisualStudioVersion = 16.0.31424.327
MinimumVisualStudioVersion = 10.0.40219.1
Project("{FAE04EC0-301F-11D3-BF4B-00C04F79EFBC}") = "TripLog", "TripLog.csproj", "{1759F2D9-6E9B-4A49-8F07-B02DF0AF5807}"
EndProject
Global
	GlobalSection(SolutionConfigurationPlatforms) = preSolution
		Debug|Any CPU = Debug|Any CPU
		Release|Any CPU = Release|Any CPU
	EndGlobalSection
	GlobalSection(ProjectConfigurationPlatforms) = postSolution
		{1759F2D9-6E9B-4A49-8F07-B02DF0AF5807}.Debug|Any CPU.ActiveCfg = Debug|Any CPU
		{1759F2D9-6E9B-4A49-8F07-B02DF0AF5807}.Debug|Any CPU.Build.0 = Debug|Any CPU
		{1759F2D9-6E9B-4A49-8F07-B02DF0AF5807}.Release|Any CPU.ActiveCfg = Release|Any CPU
		{1759F2D9-6E9B-4A49-8F07-B02DF0AF5807}.Release|Any CPU.Build.0 = Release|Any CPU
	EndGlobalSection
	GlobalSection(SolutionProperties) = preSolution
		HideSolutionNode = FALSE
	EndGlobalSection
	GlobalSection(ExtensibilityGlobals) = postSolution
		SolutionGuid = {1AC9FE06-3E6B-4770-9B47-A180C012EE8E}
	EndGlobalSection
EndGlobal
